
Microsoft Visual Studio Solution File, Format Version 12.00
# Visual Studio Version 16
VisualStudioVersion = 16.0.33529.622
MinimumVisualStudioVersion = 10.0.40219.1
Project("{FAE04EC0-301F-11D3-BF4B-00C04F79EFBC}") = "ProjektZaliczeniowy", "ProjektZaliczeniowy\ProjektZaliczeniowy.csproj", "{17AA7D34-98BD-47DA-A858-595F7C382012}"
EndProject
Global
	GlobalSection(SolutionConfigurationPlatforms) = preSolution
		Debug|Any CPU = Debug|Any CPU
		Release|Any CPU = Release|Any CPU
	EndGlobalSection
	GlobalSection(ProjectConfigurationPlatforms) = postSolution
		{17AA7D34-98BD-47DA-A858-595F7C382012}.Debug|Any CPU.ActiveCfg = Debug|Any CPU
		{17AA7D34-98BD-47DA-A858-595F7C382012}.Debug|Any CPU.Build.0 = Debug|Any CPU
		{17AA7D34-98BD-47DA-A858-595F7C382012}.Release|Any CPU.ActiveCfg = Release|Any CPU
		{17AA7D34-98BD-47DA-A858-595F7C382012}.Release|Any CPU.Build.0 = Release|Any CPU
	EndGlobalSection
	GlobalSection(SolutionProperties) = preSolution
		HideSolutionNode = FALSE
	EndGlobalSection
	GlobalSection(ExtensibilityGlobals) = postSolution
		SolutionGuid = {B1EDB8FC-8D62-45B4-BABC-4EB054122079}
	EndGlobalSection
EndGlobal
